{
  "version": 4,
  "terraform_version": "1.9.8",
  "serial": 27,
  "lineage": "8b2b73b3-409c-b722-1a8e-236aa7068b75",
  "outputs": {
    "acr_id": {
      "value": null,
      "type": "string"
    },
    "acr_login_server": {
      "value": null,
      "type": "string"
    },
    "aks_id": {
      "value": null,
      "type": "string"
    },
    "keyvault_id": {
      "value": "/subscriptions/54557d68-29ef-4ac0-a0fe-a4d67bdde305/resourceGroups/Idowu-Candidate/providers/Microsoft.KeyVault/vaults/myuniquekeyvaultname-kv",
      "type": "string"
    },
    "kube_config": {
      "value": null,
      "type": "string",
      "sensitive": true
    },
    "resource_group_name": {
      "value": "Idowu-Candidate",
      "type": "string"
    },
    "secret_uri": {
      "value": null,
      "type": "string"
    },
    "vm_ip": {
      "value": "20.16.3.102",
      "type": "string"
    }
  },
  "resources": [
    {
      "mode": "managed",
      "type": "azurerm_resource_group",
      "name": "candidate_rg",
      "provider": "provider[\"registry.terraform.io/hashicorp/azurerm\"]",
      "instances": [
        {
          "schema_version": 0,
          "attributes": {
            "id": "/subscriptions/54557d68-29ef-4ac0-a0fe-a4d67bdde305/resourceGroups/Idowu-Candidate",
            "location": "westeurope",
            "managed_by": "",
            "name": "Idowu-Candidate",
            "tags": {},
            "timeouts": null
          },
          "sensitive_attributes": [],
          "private": "eyJlMmJmYjczMC1lY2FhLTExZTYtOGY4OC0zNDM2M2JjN2M0YzAiOnsiY3JlYXRlIjo1NDAwMDAwMDAwMDAwLCJkZWxldGUiOjU0MDAwMDAwMDAwMDAsInJlYWQiOjMwMDAwMDAwMDAwMCwidXBkYXRlIjo1NDAwMDAwMDAwMDAwfX0="
        }
      ]
    },
    {
      "module": "module.acr",
      "mode": "managed",
      "type": "azurerm_container_registry",
      "name": "acr",
      "provider": "provider[\"registry.terraform.io/hashicorp/azurerm\"]",
      "instances": []
    },
    {
      "module": "module.acr",
      "mode": "managed",
      "type": "random_id",
      "name": "acr_suffix",
      "provider": "provider[\"registry.terraform.io/hashicorp/random\"]",
      "instances": [
        {
          "schema_version": 0,
          "attributes": {
            "b64_std": "U/QvxRXi//0=",
            "b64_url": "U_QvxRXi__0",
            "byte_length": 8,
            "dec": "6049512722987679741",
            "hex": "53f42fc515e2fffd",
            "id": "U_QvxRXi__0",
            "keepers": null,
            "prefix": null
          },
          "sensitive_attributes": []
        }
      ]
    },
    {
      "module": "module.keyvault",
      "mode": "data",
      "type": "azurerm_client_config",
      "name": "current",
      "provider": "provider[\"registry.terraform.io/hashicorp/azurerm\"]",
      "instances": [
        {
          "schema_version": 0,
          "attributes": {
            "client_id": "7c570f0c-4e49-40e3-8e7d-bedddd6c552a",
            "id": "Y2xpZW50Q29uZmlncy9jbGllbnRJZD03YzU3MGYwYy00ZTQ5LTQwZTMtOGU3ZC1iZWRkZGQ2YzU1MmE7b2JqZWN0SWQ9MGUzNDlhMTQtYTMxZi00N2U5LWE0YzEtNTg3NzdjMjBmZTAzO3N1YnNjcmlwdGlvbklkPTU0NTU3ZDY4LTI5ZWYtNGFjMC1hMGZlLWE0ZDY3YmRkZTMwNTt0ZW5hbnRJZD04YmMyODZjMi1lZjYxLTRmMjctYTkxOS1mNTllNjZhYjcwM2I=",
            "object_id": "0e349a14-a31f-47e9-a4c1-58777c20fe03",
            "subscription_id": "54557d68-29ef-4ac0-a0fe-a4d67bdde305",
            "tenant_id": "8bc286c2-ef61-4f27-a919-f59e66ab703b",
            "timeouts": null
          },
          "sensitive_attributes": []
        }
      ]
    },
    {
      "module": "module.keyvault",
      "mode": "managed",
      "type": "azurerm_key_vault",
      "name": "keyvault",
      "provider": "provider[\"registry.terraform.io/hashicorp/azurerm\"]",
      "instances": [
        {
          "schema_version": 2,
          "attributes": {
            "access_policy": [],
            "contact": [],
            "enable_rbac_authorization": false,
            "enabled_for_deployment": false,
            "enabled_for_disk_encryption": false,
            "enabled_for_template_deployment": false,
            "id": "/subscriptions/54557d68-29ef-4ac0-a0fe-a4d67bdde305/resourceGroups/Idowu-Candidate/providers/Microsoft.KeyVault/vaults/myuniquekeyvaultname-kv",
            "location": "westeurope",
            "name": "myuniquekeyvaultname-kv",
            "network_acls": [
              {
                "bypass": "AzureServices",
                "default_action": "Allow",
                "ip_rules": [],
                "virtual_network_subnet_ids": []
              }
            ],
            "public_network_access_enabled": true,
            "purge_protection_enabled": true,
            "resource_group_name": "Idowu-Candidate",
            "sku_name": "standard",
            "soft_delete_retention_days": 90,
            "tags": {},
            "tenant_id": "8bc286c2-ef61-4f27-a919-f59e66ab703b",
            "timeouts": null,
            "vault_uri": "https://myuniquekeyvaultname-kv.vault.azure.net/"
          },
          "sensitive_attributes": [],
          "private": "eyJlMmJmYjczMC1lY2FhLTExZTYtOGY4OC0zNDM2M2JjN2M0YzAiOnsiY3JlYXRlIjoxODAwMDAwMDAwMDAwLCJkZWxldGUiOjE4MDAwMDAwMDAwMDAsInJlYWQiOjMwMDAwMDAwMDAwMCwidXBkYXRlIjoxODAwMDAwMDAwMDAwfSwic2NoZW1hX3ZlcnNpb24iOiIyIn0=",
          "dependencies": [
            "azurerm_resource_group.candidate_rg",
            "module.keyvault.data.azurerm_client_config.current"
          ]
        }
      ]
    },
    {
      "module": "module.vm",
      "mode": "managed",
      "type": "azurerm_public_ip",
      "name": "vm_ip",
      "provider": "provider[\"registry.terraform.io/hashicorp/azurerm\"]",
      "instances": [
        {
          "schema_version": 0,
          "attributes": {
            "allocation_method": "Static",
            "ddos_protection_mode": "VirtualNetworkInherited",
            "ddos_protection_plan_id": null,
            "domain_name_label": null,
            "domain_name_label_scope": null,
            "edge_zone": "",
            "fqdn": null,
            "id": "/subscriptions/54557d68-29ef-4ac0-a0fe-a4d67bdde305/resourceGroups/Idowu-Candidate/providers/Microsoft.Network/publicIPAddresses/my-vm-public-ip",
            "idle_timeout_in_minutes": 4,
            "ip_address": "20.16.3.102",
            "ip_tags": {},
            "ip_version": "IPv4",
            "location": "westeurope",
            "name": "my-vm-public-ip",
            "public_ip_prefix_id": null,
            "resource_group_name": "Idowu-Candidate",
            "reverse_fqdn": null,
            "sku": "Standard",
            "sku_tier": "Regional",
            "tags": {},
            "timeouts": null,
            "zones": []
          },
          "sensitive_attributes": [],
          "private": "eyJlMmJmYjczMC1lY2FhLTExZTYtOGY4OC0zNDM2M2JjN2M0YzAiOnsiY3JlYXRlIjoxODAwMDAwMDAwMDAwLCJkZWxldGUiOjE4MDAwMDAwMDAwMDAsInJlYWQiOjMwMDAwMDAwMDAwMCwidXBkYXRlIjoxODAwMDAwMDAwMDAwfX0=",
          "dependencies": [
            "azurerm_resource_group.candidate_rg"
          ]
        }
      ]
    }
  ],
  "check_results": null
}
