{
  "version": 4,
  "terraform_version": "1.9.8",
  "serial": 5,
  "lineage": "8b2b73b3-409c-b722-1a8e-236aa7068b75",
  "outputs": {
    "acr_id": {
      "value": null,
      "type": "string"
    },
    "acr_login_server": {
      "value": null,
      "type": "string"
    },
    "aks_id": {
      "value": null,
      "type": "string"
    },
    "keyvault_id": {
      "value": null,
      "type": "string"
    },
    "kube_config": {
      "value": null,
      "type": "string",
      "sensitive": true
    },
    "resource_group_name": {
      "value": "Idowu-Candidate",
      "type": "string"
    },
    "secret_uri": {
      "value": null,
      "type": "string"
    },
    "vm_ip": {
      "value": null,
      "type": "string"
    }
  },
  "resources": [
    {
      "mode": "managed",
      "type": "azurerm_resource_group",
      "name": "candidate_rg",
      "provider": "provider[\"registry.terraform.io/hashicorp/azurerm\"]",
      "instances": [
        {
          "schema_version": 0,
          "attributes": {
            "id": "/subscriptions/27c83813-916e-49fa-8d2a-d35332fc8ca4/resourceGroups/Idowu-Candidate",
            "location": "eastus",
            "managed_by": "",
            "name": "Idowu-Candidate",
            "tags": {},
            "timeouts": null
          },
          "sensitive_attributes": [],
          "private": "eyJlMmJmYjczMC1lY2FhLTExZTYtOGY4OC0zNDM2M2JjN2M0YzAiOnsiY3JlYXRlIjo1NDAwMDAwMDAwMDAwLCJkZWxldGUiOjU0MDAwMDAwMDAwMDAsInJlYWQiOjMwMDAwMDAwMDAwMCwidXBkYXRlIjo1NDAwMDAwMDAwMDAwfSwic2NoZW1hX3ZlcnNpb24iOiIwIn0="
        }
      ]
    },
    {
      "module": "module.keyvault",
      "mode": "data",
      "type": "azurerm_client_config",
      "name": "current",
      "provider": "provider[\"registry.terraform.io/hashicorp/azurerm\"]",
      "instances": [
        {
          "schema_version": 0,
          "attributes": {
            "client_id": "04b07795-8ddb-461a-bbee-02f9e1bf7b46",
            "id": "Y2xpZW50Q29uZmlncy9jbGllbnRJZD0wNGIwNzc5NS04ZGRiLTQ2MWEtYmJlZS0wMmY5ZTFiZjdiNDY7b2JqZWN0SWQ9OTBjZmIzMDMtMDMyZi00OThlLTkwMDEtNjEzZmQyZGE3YzQ2O3N1YnNjcmlwdGlvbklkPTJmYTBlNTEyLWY3MGUtNDMwZi05MTg2LTFiMDY1NDNhODQ4ZTt0ZW5hbnRJZD1iZDRmMDQ4MS1iMTM3LTQwZjEtOWU2NC0yMGNmZDU1ZmJmNDk=",
            "object_id": "90cfb303-032f-498e-9001-613fd2da7c46",
            "subscription_id": "2fa0e512-f70e-430f-9186-1b06543a848e",
            "tenant_id": "bd4f0481-b137-40f1-9e64-20cfd55fbf49",
            "timeouts": null
          },
          "sensitive_attributes": []
        }
      ]
    }
  ],
  "check_results": null
}
